// !$*UTF8*$!
{
	archiveVersion = 1;
	classes = {
	};
	objectVersion = 55;
	objects = {

/* Begin PBXBuildFile section */
		59843E8127DCBAC5006A47FA /* AppDelegate.swift in Sources */ = {isa = PBXBuildFile; fileRef = 59843E8027DCBAC5006A47FA /* AppDelegate.swift */; };
		59843E8327DCBAC5006A47FA /* SceneDelegate.swift in Sources */ = {isa = PBXBuildFile; fileRef = 59843E8227DCBAC5006A47FA /* SceneDelegate.swift */; };
		59843E8827DCBAC5006A47FA /* Main.storyboard in Resources */ = {isa = PBXBuildFile; fileRef = 59843E8627DCBAC5006A47FA /* Main.storyboard */; };
		59843E8A27DCBAC7006A47FA /* Assets.xcassets in Resources */ = {isa = PBXBuildFile; fileRef = 59843E8927DCBAC7006A47FA /* Assets.xcassets */; };
		59843E8D27DCBAC7006A47FA /* LaunchScreen.storyboard in Resources */ = {isa = PBXBuildFile; fileRef = 59843E8B27DCBAC7006A47FA /* LaunchScreen.storyboard */; };
		59843E9727DCBD91006A47FA /* ContactsVC.swift in Sources */ = {isa = PBXBuildFile; fileRef = 59843E9627DCBD91006A47FA /* ContactsVC.swift */; };
		59843E9927DCBDAF006A47FA /* NewAddContact.swift in Sources */ = {isa = PBXBuildFile; fileRef = 59843E9827DCBDAF006A47FA /* NewAddContact.swift */; };
		59843E9B27DCBED8006A47FA /* Contact.swift in Sources */ = {isa = PBXBuildFile; fileRef = 59843E9A27DCBED8006A47FA /* Contact.swift */; };
/* End PBXBuildFile section */

/* Begin PBXFileReference section */
		59843E7D27DCBAC5006A47FA /* ContactsListTelephone.app */ = {isa = PBXFileReference; explicitFileType = wrapper.application; includeInIndex = 0; path = ContactsListTelephone.app; sourceTree = BUILT_PRODUCTS_DIR; };
		59843E8027DCBAC5006A47FA /* AppDelegate.swift */ = {isa = PBXFileReference; lastKnownFileType = sourcecode.swift; path = AppDelegate.swift; sourceTree = "<group>"; };
		59843E8227DCBAC5006A47FA /* SceneDelegate.swift */ = {isa = PBXFileReference; lastKnownFileType = sourcecode.swift; path = SceneDelegate.swift; sourceTree = "<group>"; };
		59843E8727DCBAC5006A47FA /* Base */ = {isa = PBXFileReference; lastKnownFileType = file.storyboard; name = Base; path = Base.lproj/Main.storyboard; sourceTree = "<group>"; };
		59843E8927DCBAC7006A47FA /* Assets.xcassets */ = {isa = PBXFileReference; lastKnownFileType = folder.assetcatalog; path = Assets.xcassets; sourceTree = "<group>"; };
		59843E8C27DCBAC7006A47FA /* Base */ = {isa = PBXFileReference; lastKnownFileType = file.storyboard; name = Base; path = Base.lproj/LaunchScreen.storyboard; sourceTree = "<group>"; };
		59843E8E27DCBAC7006A47FA /* Info.plist */ = {isa = PBXFileReference; lastKnownFileType = text.plist.xml; path = Info.plist; sourceTree = "<group>"; };
		59843E9627DCBD91006A47FA /* ContactsVC.swift */ = {isa = PBXFileReference; lastKnownFileType = sourcecode.swift; path = ContactsVC.swift; sourceTree = "<group>"; };
		59843E9827DCBDAF006A47FA /* NewAddContact.swift */ = {isa = PBXFileReference; lastKnownFileType = sourcecode.swift; path = NewAddContact.swift; sourceTree = "<group>"; };
		59843E9A27DCBED8006A47FA /* Contact.swift */ = {isa = PBXFileReference; lastKnownFileType = sourcecode.swift; path = Contact.swift; sourceTree = "<group>"; };
/* End PBXFileReference section */

/* Begin PBXFrameworksBuildPhase section */
		59843E7A27DCBAC5006A47FA /* Frameworks */ = {
			isa = PBXFrameworksBuildPhase;
			buildActionMask = 2147483647;
			files = (
			);
			runOnlyForDeploymentPostprocessing = 0;
		};
/* End PBXFrameworksBuildPhase section */

/* Begin PBXGroup section */
		59843E7427DCBAC5006A47FA = {
			isa = PBXGroup;
			children = (
				59843E7F27DCBAC5006A47FA /* ContactsListTelephone */,
				59843E7E27DCBAC5006A47FA /* Products */,
			);
			sourceTree = "<group>";
		};
		59843E7E27DCBAC5006A47FA /* Products */ = {
			isa = PBXGroup;
			children = (
				59843E7D27DCBAC5006A47FA /* ContactsListTelephone.app */,
			);
			name = Products;
			sourceTree = "<group>";
		};
		59843E7F27DCBAC5006A47FA /* ContactsListTelephone */ = {
			isa = PBXGroup;
			children = (
				59843E9527DCBC53006A47FA /* VC */,
				59843E9427DCBC45006A47FA /* Model */,
				59843E8027DCBAC5006A47FA /* AppDelegate.swift */,
				59843E8227DCBAC5006A47FA /* SceneDelegate.swift */,
				59843E8627DCBAC5006A47FA /* Main.storyboard */,
				59843E8927DCBAC7006A47FA /* Assets.xcassets */,
				59843E8B27DCBAC7006A47FA /* LaunchScreen.storyboard */,
				59843E8E27DCBAC7006A47FA /* Info.plist */,
			);
			path = ContactsListTelephone;
			sourceTree = "<group>";
		};
		59843E9427DCBC45006A47FA /* Model */ = {
			isa = PBXGroup;
			children = (
				59843E9A27DCBED8006A47FA /* Contact.swift */,
			);
			path = Model;
			sourceTree = "<group>";
		};
		59843E9527DCBC53006A47FA /* VC */ = {
			isa = PBXGroup;
			children = (
				59843E9627DCBD91006A47FA /* ContactsVC.swift */,
				59843E9827DCBDAF006A47FA /* NewAddContact.swift */,
			);
			path = VC;
			sourceTree = "<group>";
		};
/* End PBXGroup section */

/* Begin PBXNativeTarget section */
		59843E7C27DCBAC5006A47FA /* ContactsListTelephone */ = {
			isa = PBXNativeTarget;
			buildConfigurationList = 59843E9127DCBAC7006A47FA /* Build configuration list for PBXNativeTarget "ContactsListTelephone" */;
			buildPhases = (
				59843E7927DCBAC5006A47FA /* Sources */,
				59843E7A27DCBAC5006A47FA /* Frameworks */,
				59843E7B27DCBAC5006A47FA /* Resources */,
			);
			buildRules = (
			);
			dependencies = (
			);
			name = ContactsListTelephone;
			productName = ContactsListTelephone;
			productReference = 59843E7D27DCBAC5006A47FA /* ContactsListTelephone.app */;
			productType = "com.apple.product-type.application";
		};
/* End PBXNativeTarget section */

/* Begin PBXProject section */
		59843E7527DCBAC5006A47FA /* Project object */ = {
			isa = PBXProject;
			attributes = {
				BuildIndependentTargetsInParallel = 1;
				LastSwiftUpdateCheck = 1320;
				LastUpgradeCheck = 1320;
				TargetAttributes = {
					59843E7C27DCBAC5006A47FA = {
						CreatedOnToolsVersion = 13.2.1;
					};
				};
			};
			buildConfigurationList = 59843E7827DCBAC5006A47FA /* Build configuration list for PBXProject "ContactsListTelephone" */;
			compatibilityVersion = "Xcode 13.0";
			developmentRegion = en;
			hasScannedForEncodings = 0;
			knownRegions = (
				en,
				Base,
			);
			mainGroup = 59843E7427DCBAC5006A47FA;
			productRefGroup = 59843E7E27DCBAC5006A47FA /* Products */;
			projectDirPath = "";
			projectRoot = "";
			targets = (
				59843E7C27DCBAC5006A47FA /* ContactsListTelephone */,
			);
		};
/* End PBXProject section */

/* Begin PBXResourcesBuildPhase section */
		59843E7B27DCBAC5006A47FA /* Resources */ = {
			isa = PBXResourcesBuildPhase;
			buildActionMask = 2147483647;
			files = (
				59843E8D27DCBAC7006A47FA /* LaunchScreen.storyboard in Resources */,
				59843E8A27DCBAC7006A47FA /* Assets.xcassets in Resources */,
				59843E8827DCBAC5006A47FA /* Main.storyboard in Resources */,
			);
			runOnlyForDeploymentPostprocessing = 0;
		};
/* End PBXResourcesBuildPhase section */

/* Begin PBXSourcesBuildPhase section */
		59843E7927DCBAC5006A47FA /* Sources */ = {
			isa = PBXSourcesBuildPhase;
			buildActionMask = 2147483647;
			files = (
				59843E8127DCBAC5006A47FA /* AppDelegate.swift in Sources */,
				59843E9927DCBDAF006A47FA /* NewAddContact.swift in Sources */,
				59843E9B27DCBED8006A47FA /* Contact.swift in Sources */,
				59843E8327DCBAC5006A47FA /* SceneDelegate.swift in Sources */,
				59843E9727DCBD91006A47FA /* ContactsVC.swift in Sources */,
			);
			runOnlyForDeploymentPostprocessing = 0;
		};
/* End PBXSourcesBuildPhase section */

/* Begin PBXVariantGroup section */
		59843E8627DCBAC5006A47FA /* Main.storyboard */ = {
			isa = PBXVariantGroup;
			children = (
				59843E8727DCBAC5006A47FA /* Base */,
			);
			name = Main.storyboard;
			sourceTree = "<group>";
		};
		59843E8B27DCBAC7006A47FA /* LaunchScreen.storyboard */ = {
			isa = PBXVariantGroup;
			children = (
				59843E8C27DCBAC7006A47FA /* Base */,
			);
			name = LaunchScreen.storyboard;
			sourceTree = "<group>";
		};
/* End PBXVariantGroup section */

/* Begin XCBuildConfiguration section */
		59843E8F27DCBAC7006A47FA /* Debug */ = {
			isa = XCBuildConfiguration;
			buildSettings = {
				ALWAYS_SEARCH_USER_PATHS = NO;
				CLANG_ANALYZER_NONNULL = YES;
				CLANG_ANALYZER_NUMBER_OBJECT_CONVERSION = YES_AGGRESSIVE;
				CLANG_CXX_LANGUAGE_STANDARD = "gnu++17";
				CLANG_CXX_LIBRARY = "libc++";
				CLANG_ENABLE_MODULES = YES;
				CLANG_ENABLE_OBJC_ARC = YES;
				CLANG_ENABLE_OBJC_WEAK = YES;
				CLANG_WARN_BLOCK_CAPTURE_AUTORELEASING = YES;
				CLANG_WARN_BOOL_CONVERSION = YES;
				CLANG_WARN_COMMA = YES;
				CLANG_WARN_CONSTANT_CONVERSION = YES;
				CLANG_WARN_DEPRECATED_OBJC_IMPLEMENTATIONS = YES;
				CLANG_WARN_DIRECT_OBJC_ISA_USAGE = YES_ERROR;
				CLANG_WARN_DOCUMENTATION_COMMENTS = YES;
				CLANG_WARN_EMPTY_BODY = YES;
				CLANG_WARN_ENUM_CONVERSION = YES;
				CLANG_WARN_INFINITE_RECURSION = YES;
				CLANG_WARN_INT_CONVERSION = YES;
				CLANG_WARN_NON_LITERAL_NULL_CONVERSION = YES;
				CLANG_WARN_OBJC_IMPLICIT_RETAIN_SELF = YES;
				CLANG_WARN_OBJC_LITERAL_CONVERSION = YES;
				CLANG_WARN_OBJC_ROOT_CLASS = YES_ERROR;
				CLANG_WARN_QUOTED_INCLUDE_IN_FRAMEWORK_HEADER = YES;
				CLANG_WARN_RANGE_LOOP_ANALYSIS = YES;
				CLANG_WARN_STRICT_PROTOTYPES = YES;
				CLANG_WARN_SUSPICIOUS_MOVE = YES;
				CLANG_WARN_UNGUARDED_AVAILABILITY = YES_AGGRESSIVE;
				CLANG_WARN_UNREACHABLE_CODE = YES;
				CLANG_WARN__DUPLICATE_METHOD_MATCH = YES;
				COPY_PHASE_STRIP = NO;
				DEBUG_INFORMATION_FORMAT = dwarf;
				ENABLE_STRICT_OBJC_MSGSEND = YES;
				ENABLE_TESTABILITY = YES;
				GCC_C_LANGUAGE_STANDARD = gnu11;
				GCC_DYNAMIC_NO_PIC = NO;
				GCC_NO_COMMON_BLOCKS = YES;
				GCC_OPTIMIZATION_LEVEL = 0;
				GCC_PREPROCESSOR_DEFINITIONS = (
					"DEBUG=1",
					"$(inherited)",
				);
				GCC_WARN_64_TO_32_BIT_CONVERSION = YES;
				GCC_WARN_ABOUT_RETURN_TYPE = YES_ERROR;
				GCC_WARN_UNDECLARED_SELECTOR = YES;
				GCC_WARN_UNINITIALIZED_AUTOS = YES_AGGRESSIVE;
				GCC_WARN_UNUSED_FUNCTION = YES;
				GCC_WARN_UNUSED_VARIABLE = YES;
				IPHONEOS_DEPLOYMENT_TARGET = 14.0;
				MTL_ENABLE_DEBUG_INFO = INCLUDE_SOURCE;
				MTL_FAST_MATH = YES;
				ONLY_ACTIVE_ARCH = YES;
				SDKROOT = iphoneos;
				SWIFT_ACTIVE_COMPILATION_CONDITIONS = DEBUG;
				SWIFT_OPTIMIZATION_LEVEL = "-Onone";
			};
			name = Debug;
		};
		59843E9027DCBAC7006A47FA /* Release */ = {
			isa = XCBuildConfiguration;
			buildSettings = {
				ALWAYS_SEARCH_USER_PATHS = NO;
				CLANG_ANALYZER_NONNULL = YES;
				CLANG_ANALYZER_NUMBER_OBJECT_CONVERSION = YES_AGGRESSIVE;
				CLANG_CXX_LANGUAGE_STANDARD = "gnu++17";
				CLANG_CXX_LIBRARY = "libc++";
				CLANG_ENABLE_MODULES = YES;
				CLANG_ENABLE_OBJC_ARC = YES;
				CLANG_ENABLE_OBJC_WEAK = YES;
				CLANG_WARN_BLOCK_CAPTURE_AUTORELEASING = YES;
				CLANG_WARN_BOOL_CONVERSION = YES;
				CLANG_WARN_COMMA = YES;
				CLANG_WARN_CONSTANT_CONVERSION = YES;
				CLANG_WARN_DEPRECATED_OBJC_IMPLEMENTATIONS = YES;
				CLANG_WARN_DIRECT_OBJC_ISA_USAGE = YES_ERROR;
				CLANG_WARN_DOCUMENTATION_COMMENTS = YES;
				CLANG_WARN_EMPTY_BODY = YES;
				CLANG_WARN_ENUM_CONVERSION = YES;
				CLANG_WARN_INFINITE_RECURSION = YES;
				CLANG_WARN_INT_CONVERSION = YES;
				CLANG_WARN_NON_LITERAL_NULL_CONVERSION = YES;
				CLANG_WARN_OBJC_IMPLICIT_RETAIN_SELF = YES;
				CLANG_WARN_OBJC_LITERAL_CONVERSION = YES;
				CLANG_WARN_OBJC_ROOT_CLASS = YES_ERROR;
				CLANG_WARN_QUOTED_INCLUDE_IN_FRAMEWORK_HEADER = YES;
				CLANG_WARN_RANGE_LOOP_ANALYSIS = YES;
				CLANG_WARN_STRICT_PROTOTYPES = YES;
				CLANG_WARN_SUSPICIOUS_MOVE = YES;
				CLANG_WARN_UNGUARDED_AVAILABILITY = YES_AGGRESSIVE;
				CLANG_WARN_UNREACHABLE_CODE = YES;
				CLANG_WARN__DUPLICATE_METHOD_MATCH = YES;
				COPY_PHASE_STRIP = NO;
				DEBUG_INFORMATION_FORMAT = "dwarf-with-dsym";
				ENABLE_NS_ASSERTIONS = NO;
				ENABLE_STRICT_OBJC_MSGSEND = YES;
				GCC_C_LANGUAGE_STANDARD = gnu11;
				GCC_NO_COMMON_BLOCKS = YES;
				GCC_WARN_64_TO_32_BIT_CONVERSION = YES;
				GCC_WARN_ABOUT_RETURN_TYPE = YES_ERROR;
				GCC_WARN_UNDECLARED_SELECTOR = YES;
				GCC_WARN_UNINITIALIZED_AUTOS = YES_AGGRESSIVE;
				GCC_WARN_UNUSED_FUNCTION = YES;
				GCC_WARN_UNUSED_VARIABLE = YES;
				IPHONEOS_DEPLOYMENT_TARGET = 14.0;
				MTL_ENABLE_DEBUG_INFO = NO;
				MTL_FAST_MATH = YES;
				SDKROOT = iphoneos;
				SWIFT_COMPILATION_MODE = wholemodule;
				SWIFT_OPTIMIZATION_LEVEL = "-O";
				VALIDATE_PRODUCT = YES;
			};
			name = Release;
		};
		59843E9227DCBAC7006A47FA /* Debug */ = {
			isa = XCBuildConfiguration;
			buildSettings = {
				ASSETCATALOG_COMPILER_APPICON_NAME = AppIcon;
				ASSETCATALOG_COMPILER_GLOBAL_ACCENT_COLOR_NAME = AccentColor;
				CODE_SIGN_STYLE = Automatic;
				CURRENT_PROJECT_VERSION = 1;
				DEVELOPMENT_TEAM = 74PXA5BUUB;
				GENERATE_INFOPLIST_FILE = YES;
				INFOPLIST_FILE = ContactsListTelephone/Info.plist;
				INFOPLIST_KEY_UIApplicationSupportsIndirectInputEvents = YES;
				INFOPLIST_KEY_UILaunchStoryboardName = LaunchScreen;
				INFOPLIST_KEY_UIMainStoryboardFile = Main;
				INFOPLIST_KEY_UISupportedInterfaceOrientations_iPad = "UIInterfaceOrientationPortrait UIInterfaceOrientationPortraitUpsideDown UIInterfaceOrientationLandscapeLeft UIInterfaceOrientationLandscapeRight";
				INFOPLIST_KEY_UISupportedInterfaceOrientations_iPhone = "UIInterfaceOrientationPortrait UIInterfaceOrientationLandscapeLeft UIInterfaceOrientationLandscapeRight";
				LD_RUNPATH_SEARCH_PATHS = (
					"$(inherited)",
					"@executable_path/Frameworks",
				);
				MARKETING_VERSION = 1.0;
				PRODUCT_BUNDLE_IDENTIFIER = SelfishMak.ContactsListTelephone;
				PRODUCT_NAME = "$(TARGET_NAME)";
				SWIFT_EMIT_LOC_STRINGS = YES;
				SWIFT_VERSION = 5.0;
				TARGETED_DEVICE_FAMILY = 1;
			};
			name = Debug;
		};
		59843E9327DCBAC7006A47FA /* Release */ = {
			isa = XCBuildConfiguration;
			buildSettings = {
				ASSETCATALOG_COMPILER_APPICON_NAME = AppIcon;
				ASSETCATALOG_COMPILER_GLOBAL_ACCENT_COLOR_NAME = AccentColor;
				CODE_SIGN_STYLE = Automatic;
				CURRENT_PROJECT_VERSION = 1;
				DEVELOPMENT_TEAM = 74PXA5BUUB;
				GENERATE_INFOPLIST_FILE = YES;
				INFOPLIST_FILE = ContactsListTelephone/Info.plist;
				INFOPLIST_KEY_UIApplicationSupportsIndirectInputEvents = YES;
				INFOPLIST_KEY_UILaunchStoryboardName = LaunchScreen;
				INFOPLIST_KEY_UIMainStoryboardFile = Main;
				INFOPLIST_KEY_UISupportedInterfaceOrientations_iPad = "UIInterfaceOrientationPortrait UIInterfaceOrientationPortraitUpsideDown UIInterfaceOrientationLandscapeLeft UIInterfaceOrientationLandscapeRight";
				INFOPLIST_KEY_UISupportedInterfaceOrientations_iPhone = "UIInterfaceOrientationPortrait UIInterfaceOrientationLandscapeLeft UIInterfaceOrientationLandscapeRight";
				LD_RUNPATH_SEARCH_PATHS = (
					"$(inherited)",
					"@executable_path/Frameworks",
				);
				MARKETING_VERSION = 1.0;
				PRODUCT_BUNDLE_IDENTIFIER = SelfishMak.ContactsListTelephone;
				PRODUCT_NAME = "$(TARGET_NAME)";
				SWIFT_EMIT_LOC_STRINGS = YES;
				SWIFT_VERSION = 5.0;
				TARGETED_DEVICE_FAMILY = 1;
			};
			name = Release;
		};
/* End XCBuildConfiguration section */

/* Begin XCConfigurationList section */
		59843E7827DCBAC5006A47FA /* Build configuration list for PBXProject "ContactsListTelephone" */ = {
			isa = XCConfigurationList;
			buildConfigurations = (
				59843E8F27DCBAC7006A47FA /* Debug */,
				59843E9027DCBAC7006A47FA /* Release */,
			);
			defaultConfigurationIsVisible = 0;
			defaultConfigurationName = Release;
		};
		59843E9127DCBAC7006A47FA /* Build configuration list for PBXNativeTarget "ContactsListTelephone" */ = {
			isa = XCConfigurationList;
			buildConfigurations = (
				59843E9227DCBAC7006A47FA /* Debug */,
				59843E9327DCBAC7006A47FA /* Release */,
			);
			defaultConfigurationIsVisible = 0;
			defaultConfigurationName = Release;
		};
/* End XCConfigurationList section */
	};
	rootObject = 59843E7527DCBAC5006A47FA /* Project object */;
}
